
Microsoft Visual Studio Solution File, Format Version 12.00
# Visual Studio Version 16
VisualStudioVersion = 16.0.31112.23
MinimumVisualStudioVersion = 10.0.40219.1
Project("{9A19103F-16F7-4668-BE54-9A1E7A4F7556}") = "Server", "Server\Server.csproj", "{7B248C7E-23FA-4586-9D4C-E9744390C67D}"
EndProject
Project("{9A19103F-16F7-4668-BE54-9A1E7A4F7556}") = "Config.API", "Services\Config.API\Config.API.csproj", "{32C78785-441B-4510-90B0-1EC60932E75E}"
EndProject
Project("{2150E333-8FDC-42A3-9474-1A3956D46DE8}") = "Services", "Services", "{F8E0A7AF-F133-4975-8792-CB46C345F1D5}"
EndProject
Project("{9A19103F-16F7-4668-BE54-9A1E7A4F7556}") = "Config", "Services\Config\Config.csproj", "{40E9F4C3-5F94-4E8D-8901-21C507A27274}"
EndProject
Project("{9A19103F-16F7-4668-BE54-9A1E7A4F7556}") = "DbConnection", "Services\DbConnection\DbConnection.csproj", "{D92B527B-4876-4B7E-BE75-DCA9C1D8B826}"
EndProject
Project("{9A19103F-16F7-4668-BE54-9A1E7A4F7556}") = "Cache.API", "Services\Cache.API\Cache.API.csproj", "{4BF7E0F2-36E4-4ECB-8100-556565565101}"
EndProject
Project("{9A19103F-16F7-4668-BE54-9A1E7A4F7556}") = "Cache", "Services\Cache\Cache.csproj", "{F917525C-A6BF-470F-BCDB-40F4D17D1E7F}"
EndProject
Project("{9A19103F-16F7-4668-BE54-9A1E7A4F7556}") = "Cache.Tests", "Services\Cache.Tests\Cache.Tests.csproj", "{20D64D9D-7594-4611-8480-E3BD4D81255D}"
EndProject
Project("{9A19103F-16F7-4668-BE54-9A1E7A4F7556}") = "TestsBase", "TestsBase\TestsBase.csproj", "{02DF20CB-1800-4634-82B2-156271A6AA76}"
EndProject
Project("{9A19103F-16F7-4668-BE54-9A1E7A4F7556}") = "DbSchemaManager.API", "Services\DbSchemaManager.API\DbSchemaManager.API.csproj", "{326E0AA9-4E26-472E-9C27-61E110B35108}"
EndProject
Project("{9A19103F-16F7-4668-BE54-9A1E7A4F7556}") = "DbSchemaManager", "Services\DbSchemaManager\DbSchemaManager.csproj", "{1838FF43-3C25-4D37-B0B6-3443897DA6E9}"
EndProject
Project("{2150E333-8FDC-42A3-9474-1A3956D46DE8}") = "DAL", "DAL", "{A9C0B100-0758-4200-9C1A-D799D3FD1859}"
EndProject
Project("{9A19103F-16F7-4668-BE54-9A1E7A4F7556}") = "UserRepository.API", "DAL\UserRepository.API\UserRepository.API.csproj", "{5D6DC7A5-5D22-4AD0-8F7C-CA9375626A67}"
EndProject
Project("{9A19103F-16F7-4668-BE54-9A1E7A4F7556}") = "UserRepository", "DAL\UserRepository\UserRepository.csproj", "{D374CE43-5C58-4321-9F83-BBC401F9D201}"
EndProject
Project("{9A19103F-16F7-4668-BE54-9A1E7A4F7556}") = "UserRepository.Tests", "DAL\UserRepository.Tests\UserRepository.Tests.csproj", "{0E2EB494-6A6A-4AE0-B4F0-D9D5CA872C33}"
EndProject
Project("{2150E333-8FDC-42A3-9474-1A3956D46DE8}") = "Modules", "Modules", "{2D407D69-C578-4886-B443-9A6E0D3170D1}"
EndProject
Project("{9A19103F-16F7-4668-BE54-9A1E7A4F7556}") = "UserManager.API", "Modules\UserManager.API\UserManager.API.csproj", "{14155396-DB1E-4BD5-A8E1-B5CC924A9938}"
EndProject
Project("{9A19103F-16F7-4668-BE54-9A1E7A4F7556}") = "RoleManager.API", "Services\RoleManager.API\RoleManager.API.csproj", "{17FAB242-1C67-408D-A59A-308DCBC4D8E8}"
EndProject
Project("{9A19103F-16F7-4668-BE54-9A1E7A4F7556}") = "RoleManager", "Services\RoleManager\RoleManager.csproj", "{B4D097AC-A3CB-4318-AB09-B4B2B8E1E4B9}"
EndProject
Global
	GlobalSection(SolutionConfigurationPlatforms) = preSolution
		Debug|Any CPU = Debug|Any CPU
		Release|Any CPU = Release|Any CPU
	EndGlobalSection
	GlobalSection(ProjectConfigurationPlatforms) = postSolution
		{7B248C7E-23FA-4586-9D4C-E9744390C67D}.Debug|Any CPU.ActiveCfg = Debug|Any CPU
		{7B248C7E-23FA-4586-9D4C-E9744390C67D}.Debug|Any CPU.Build.0 = Debug|Any CPU
		{7B248C7E-23FA-4586-9D4C-E9744390C67D}.Release|Any CPU.ActiveCfg = Release|Any CPU
		{7B248C7E-23FA-4586-9D4C-E9744390C67D}.Release|Any CPU.Build.0 = Release|Any CPU
		{32C78785-441B-4510-90B0-1EC60932E75E}.Debug|Any CPU.ActiveCfg = Debug|Any CPU
		{32C78785-441B-4510-90B0-1EC60932E75E}.Debug|Any CPU.Build.0 = Debug|Any CPU
		{32C78785-441B-4510-90B0-1EC60932E75E}.Release|Any CPU.ActiveCfg = Release|Any CPU
		{32C78785-441B-4510-90B0-1EC60932E75E}.Release|Any CPU.Build.0 = Release|Any CPU
		{40E9F4C3-5F94-4E8D-8901-21C507A27274}.Debug|Any CPU.ActiveCfg = Debug|Any CPU
		{40E9F4C3-5F94-4E8D-8901-21C507A27274}.Debug|Any CPU.Build.0 = Debug|Any CPU
		{40E9F4C3-5F94-4E8D-8901-21C507A27274}.Release|Any CPU.ActiveCfg = Release|Any CPU
		{40E9F4C3-5F94-4E8D-8901-21C507A27274}.Release|Any CPU.Build.0 = Release|Any CPU
		{D92B527B-4876-4B7E-BE75-DCA9C1D8B826}.Debug|Any CPU.ActiveCfg = Debug|Any CPU
		{D92B527B-4876-4B7E-BE75-DCA9C1D8B826}.Debug|Any CPU.Build.0 = Debug|Any CPU
		{D92B527B-4876-4B7E-BE75-DCA9C1D8B826}.Release|Any CPU.ActiveCfg = Release|Any CPU
		{D92B527B-4876-4B7E-BE75-DCA9C1D8B826}.Release|Any CPU.Build.0 = Release|Any CPU
		{4BF7E0F2-36E4-4ECB-8100-556565565101}.Debug|Any CPU.ActiveCfg = Debug|Any CPU
		{4BF7E0F2-36E4-4ECB-8100-556565565101}.Debug|Any CPU.Build.0 = Debug|Any CPU
		{4BF7E0F2-36E4-4ECB-8100-556565565101}.Release|Any CPU.ActiveCfg = Release|Any CPU
		{4BF7E0F2-36E4-4ECB-8100-556565565101}.Release|Any CPU.Build.0 = Release|Any CPU
		{F917525C-A6BF-470F-BCDB-40F4D17D1E7F}.Debug|Any CPU.ActiveCfg = Debug|Any CPU
		{F917525C-A6BF-470F-BCDB-40F4D17D1E7F}.Debug|Any CPU.Build.0 = Debug|Any CPU
		{F917525C-A6BF-470F-BCDB-40F4D17D1E7F}.Release|Any CPU.ActiveCfg = Release|Any CPU
		{F917525C-A6BF-470F-BCDB-40F4D17D1E7F}.Release|Any CPU.Build.0 = Release|Any CPU
		{20D64D9D-7594-4611-8480-E3BD4D81255D}.Debug|Any CPU.ActiveCfg = Debug|Any CPU
		{20D64D9D-7594-4611-8480-E3BD4D81255D}.Debug|Any CPU.Build.0 = Debug|Any CPU
		{20D64D9D-7594-4611-8480-E3BD4D81255D}.Release|Any CPU.ActiveCfg = Release|Any CPU
		{02DF20CB-1800-4634-82B2-156271A6AA76}.Debug|Any CPU.ActiveCfg = Debug|Any CPU
		{02DF20CB-1800-4634-82B2-156271A6AA76}.Debug|Any CPU.Build.0 = Debug|Any CPU
		{02DF20CB-1800-4634-82B2-156271A6AA76}.Release|Any CPU.ActiveCfg = Release|Any CPU
		{326E0AA9-4E26-472E-9C27-61E110B35108}.Debug|Any CPU.ActiveCfg = Debug|Any CPU
		{326E0AA9-4E26-472E-9C27-61E110B35108}.Debug|Any CPU.Build.0 = Debug|Any CPU
		{326E0AA9-4E26-472E-9C27-61E110B35108}.Release|Any CPU.ActiveCfg = Release|Any CPU
		{326E0AA9-4E26-472E-9C27-61E110B35108}.Release|Any CPU.Build.0 = Release|Any CPU
		{1838FF43-3C25-4D37-B0B6-3443897DA6E9}.Debug|Any CPU.ActiveCfg = Debug|Any CPU
		{1838FF43-3C25-4D37-B0B6-3443897DA6E9}.Debug|Any CPU.Build.0 = Debug|Any CPU
		{1838FF43-3C25-4D37-B0B6-3443897DA6E9}.Release|Any CPU.ActiveCfg = Release|Any CPU
		{1838FF43-3C25-4D37-B0B6-3443897DA6E9}.Release|Any CPU.Build.0 = Release|Any CPU
		{5D6DC7A5-5D22-4AD0-8F7C-CA9375626A67}.Debug|Any CPU.ActiveCfg = Debug|Any CPU
		{5D6DC7A5-5D22-4AD0-8F7C-CA9375626A67}.Debug|Any CPU.Build.0 = Debug|Any CPU
		{5D6DC7A5-5D22-4AD0-8F7C-CA9375626A67}.Release|Any CPU.ActiveCfg = Release|Any CPU
		{5D6DC7A5-5D22-4AD0-8F7C-CA9375626A67}.Release|Any CPU.Build.0 = Release|Any CPU
		{D374CE43-5C58-4321-9F83-BBC401F9D201}.Debug|Any CPU.ActiveCfg = Debug|Any CPU
		{D374CE43-5C58-4321-9F83-BBC401F9D201}.Debug|Any CPU.Build.0 = Debug|Any CPU
		{D374CE43-5C58-4321-9F83-BBC401F9D201}.Release|Any CPU.ActiveCfg = Release|Any CPU
		{D374CE43-5C58-4321-9F83-BBC401F9D201}.Release|Any CPU.Build.0 = Release|Any CPU
		{0E2EB494-6A6A-4AE0-B4F0-D9D5CA872C33}.Debug|Any CPU.ActiveCfg = Debug|Any CPU
		{0E2EB494-6A6A-4AE0-B4F0-D9D5CA872C33}.Debug|Any CPU.Build.0 = Debug|Any CPU
		{0E2EB494-6A6A-4AE0-B4F0-D9D5CA872C33}.Release|Any CPU.ActiveCfg = Release|Any CPU
		{14155396-DB1E-4BD5-A8E1-B5CC924A9938}.Debug|Any CPU.ActiveCfg = Debug|Any CPU
		{14155396-DB1E-4BD5-A8E1-B5CC924A9938}.Debug|Any CPU.Build.0 = Debug|Any CPU
		{14155396-DB1E-4BD5-A8E1-B5CC924A9938}.Release|Any CPU.ActiveCfg = Release|Any CPU
		{14155396-DB1E-4BD5-A8E1-B5CC924A9938}.Release|Any CPU.Build.0 = Release|Any CPU
		{17FAB242-1C67-408D-A59A-308DCBC4D8E8}.Debug|Any CPU.ActiveCfg = Debug|Any CPU
		{17FAB242-1C67-408D-A59A-308DCBC4D8E8}.Debug|Any CPU.Build.0 = Debug|Any CPU
		{17FAB242-1C67-408D-A59A-308DCBC4D8E8}.Release|Any CPU.ActiveCfg = Release|Any CPU
		{17FAB242-1C67-408D-A59A-308DCBC4D8E8}.Release|Any CPU.Build.0 = Release|Any CPU
		{B4D097AC-A3CB-4318-AB09-B4B2B8E1E4B9}.Debug|Any CPU.ActiveCfg = Debug|Any CPU
		{B4D097AC-A3CB-4318-AB09-B4B2B8E1E4B9}.Debug|Any CPU.Build.0 = Debug|Any CPU
		{B4D097AC-A3CB-4318-AB09-B4B2B8E1E4B9}.Release|Any CPU.ActiveCfg = Release|Any CPU
		{B4D097AC-A3CB-4318-AB09-B4B2B8E1E4B9}.Release|Any CPU.Build.0 = Release|Any CPU
	EndGlobalSection
	GlobalSection(SolutionProperties) = preSolution
		HideSolutionNode = FALSE
	EndGlobalSection
	GlobalSection(NestedProjects) = preSolution
		{32C78785-441B-4510-90B0-1EC60932E75E} = {F8E0A7AF-F133-4975-8792-CB46C345F1D5}
		{40E9F4C3-5F94-4E8D-8901-21C507A27274} = {F8E0A7AF-F133-4975-8792-CB46C345F1D5}
		{D92B527B-4876-4B7E-BE75-DCA9C1D8B826} = {F8E0A7AF-F133-4975-8792-CB46C345F1D5}
		{4BF7E0F2-36E4-4ECB-8100-556565565101} = {F8E0A7AF-F133-4975-8792-CB46C345F1D5}
		{F917525C-A6BF-470F-BCDB-40F4D17D1E7F} = {F8E0A7AF-F133-4975-8792-CB46C345F1D5}
		{20D64D9D-7594-4611-8480-E3BD4D81255D} = {F8E0A7AF-F133-4975-8792-CB46C345F1D5}
		{326E0AA9-4E26-472E-9C27-61E110B35108} = {F8E0A7AF-F133-4975-8792-CB46C345F1D5}
		{1838FF43-3C25-4D37-B0B6-3443897DA6E9} = {F8E0A7AF-F133-4975-8792-CB46C345F1D5}
		{5D6DC7A5-5D22-4AD0-8F7C-CA9375626A67} = {A9C0B100-0758-4200-9C1A-D799D3FD1859}
		{D374CE43-5C58-4321-9F83-BBC401F9D201} = {A9C0B100-0758-4200-9C1A-D799D3FD1859}
		{0E2EB494-6A6A-4AE0-B4F0-D9D5CA872C33} = {A9C0B100-0758-4200-9C1A-D799D3FD1859}
		{14155396-DB1E-4BD5-A8E1-B5CC924A9938} = {2D407D69-C578-4886-B443-9A6E0D3170D1}
		{17FAB242-1C67-408D-A59A-308DCBC4D8E8} = {F8E0A7AF-F133-4975-8792-CB46C345F1D5}
		{B4D097AC-A3CB-4318-AB09-B4B2B8E1E4B9} = {F8E0A7AF-F133-4975-8792-CB46C345F1D5}
	EndGlobalSection
	GlobalSection(ExtensibilityGlobals) = postSolution
		SolutionGuid = {12977405-909D-4F7A-9C43-856D52ACB84A}
	EndGlobalSection
EndGlobal
